// !$*UTF8*$!
{
	archiveVersion = 1;
	classes = {
	};
	objectVersion = 55;
	objects = {

/* Begin PBXBuildFile section */
		B310BD342728FFFF005F81D5 /* AppDelegate.swift in Sources */ = {isa = PBXBuildFile; fileRef = B310BD332728FFFF005F81D5 /* AppDelegate.swift */; };
		B310BD362728FFFF005F81D5 /* SceneDelegate.swift in Sources */ = {isa = PBXBuildFile; fileRef = B310BD352728FFFF005F81D5 /* SceneDelegate.swift */; };
		B310BD3D27290003005F81D5 /* Assets.xcassets in Resources */ = {isa = PBXBuildFile; fileRef = B310BD3C27290003005F81D5 /* Assets.xcassets */; };
		B310BD4027290003005F81D5 /* LaunchScreen.storyboard in Resources */ = {isa = PBXBuildFile; fileRef = B310BD3E27290003005F81D5 /* LaunchScreen.storyboard */; };
		B310BD482729012E005F81D5 /* WelcomeViewController.swift in Sources */ = {isa = PBXBuildFile; fileRef = B310BD472729012E005F81D5 /* WelcomeViewController.swift */; };
		B310BD4B272911FA005F81D5 /* BaseUIImageView.swift in Sources */ = {isa = PBXBuildFile; fileRef = B310BD4A272911FA005F81D5 /* BaseUIImageView.swift */; };
		B377CBF2272A332600271DF1 /* BaseUILabel.swift in Sources */ = {isa = PBXBuildFile; fileRef = B377CBF1272A332600271DF1 /* BaseUILabel.swift */; };
		B377CBF4272A38EA00271DF1 /* BaseUIStackView.swift in Sources */ = {isa = PBXBuildFile; fileRef = B377CBF3272A38EA00271DF1 /* BaseUIStackView.swift */; };
		B377CBF6272A3B1100271DF1 /* HStack.swift in Sources */ = {isa = PBXBuildFile; fileRef = B377CBF5272A3B1100271DF1 /* HStack.swift */; };
		B377CBF8272A3B2B00271DF1 /* VStack.swift in Sources */ = {isa = PBXBuildFile; fileRef = B377CBF7272A3B2B00271DF1 /* VStack.swift */; };
		B377CBFA272A3B7400271DF1 /* BaseUIButton.swift in Sources */ = {isa = PBXBuildFile; fileRef = B377CBF9272A3B7400271DF1 /* BaseUIButton.swift */; };
/* End PBXBuildFile section */

/* Begin PBXFileReference section */
		B310BD302728FFFF005F81D5 /* pracitice1.app */ = {isa = PBXFileReference; explicitFileType = wrapper.application; includeInIndex = 0; path = pracitice1.app; sourceTree = BUILT_PRODUCTS_DIR; };
		B310BD332728FFFF005F81D5 /* AppDelegate.swift */ = {isa = PBXFileReference; lastKnownFileType = sourcecode.swift; path = AppDelegate.swift; sourceTree = "<group>"; };
		B310BD352728FFFF005F81D5 /* SceneDelegate.swift */ = {isa = PBXFileReference; lastKnownFileType = sourcecode.swift; path = SceneDelegate.swift; sourceTree = "<group>"; };
		B310BD3C27290003005F81D5 /* Assets.xcassets */ = {isa = PBXFileReference; lastKnownFileType = folder.assetcatalog; path = Assets.xcassets; sourceTree = "<group>"; };
		B310BD3F27290003005F81D5 /* Base */ = {isa = PBXFileReference; lastKnownFileType = file.storyboard; name = Base; path = Base.lproj/LaunchScreen.storyboard; sourceTree = "<group>"; };
		B310BD4127290003005F81D5 /* Info.plist */ = {isa = PBXFileReference; lastKnownFileType = text.plist.xml; path = Info.plist; sourceTree = "<group>"; };
		B310BD472729012E005F81D5 /* WelcomeViewController.swift */ = {isa = PBXFileReference; lastKnownFileType = sourcecode.swift; path = WelcomeViewController.swift; sourceTree = "<group>"; };
		B310BD4A272911FA005F81D5 /* BaseUIImageView.swift */ = {isa = PBXFileReference; lastKnownFileType = sourcecode.swift; path = BaseUIImageView.swift; sourceTree = "<group>"; };
		B377CBF1272A332600271DF1 /* BaseUILabel.swift */ = {isa = PBXFileReference; lastKnownFileType = sourcecode.swift; path = BaseUILabel.swift; sourceTree = "<group>"; };
		B377CBF3272A38EA00271DF1 /* BaseUIStackView.swift */ = {isa = PBXFileReference; lastKnownFileType = sourcecode.swift; path = BaseUIStackView.swift; sourceTree = "<group>"; };
		B377CBF5272A3B1100271DF1 /* HStack.swift */ = {isa = PBXFileReference; lastKnownFileType = sourcecode.swift; path = HStack.swift; sourceTree = "<group>"; };
		B377CBF7272A3B2B00271DF1 /* VStack.swift */ = {isa = PBXFileReference; lastKnownFileType = sourcecode.swift; path = VStack.swift; sourceTree = "<group>"; };
		B377CBF9272A3B7400271DF1 /* BaseUIButton.swift */ = {isa = PBXFileReference; lastKnownFileType = sourcecode.swift; path = BaseUIButton.swift; sourceTree = "<group>"; };
/* End PBXFileReference section */

/* Begin PBXFrameworksBuildPhase section */
		B310BD2D2728FFFF005F81D5 /* Frameworks */ = {
			isa = PBXFrameworksBuildPhase;
			buildActionMask = 2147483647;
			files = (
			);
			runOnlyForDeploymentPostprocessing = 0;
		};
/* End PBXFrameworksBuildPhase section */

/* Begin PBXGroup section */
		B310BD272728FFFF005F81D5 = {
			isa = PBXGroup;
			children = (
				B310BD322728FFFF005F81D5 /* pracitice1 */,
				B310BD312728FFFF005F81D5 /* Products */,
			);
			sourceTree = "<group>";
		};
		B310BD312728FFFF005F81D5 /* Products */ = {
			isa = PBXGroup;
			children = (
				B310BD302728FFFF005F81D5 /* pracitice1.app */,
			);
			name = Products;
			sourceTree = "<group>";
		};
		B310BD322728FFFF005F81D5 /* pracitice1 */ = {
			isa = PBXGroup;
			children = (
				B310BD49272911CC005F81D5 /* Components */,
				B310BD332728FFFF005F81D5 /* AppDelegate.swift */,
				B310BD352728FFFF005F81D5 /* SceneDelegate.swift */,
				B310BD3C27290003005F81D5 /* Assets.xcassets */,
				B310BD3E27290003005F81D5 /* LaunchScreen.storyboard */,
				B310BD4127290003005F81D5 /* Info.plist */,
				B310BD472729012E005F81D5 /* WelcomeViewController.swift */,
			);
			path = pracitice1;
			sourceTree = "<group>";
		};
		B310BD49272911CC005F81D5 /* Components */ = {
			isa = PBXGroup;
			children = (
				B310BD4A272911FA005F81D5 /* BaseUIImageView.swift */,
				B377CBF1272A332600271DF1 /* BaseUILabel.swift */,
				B377CBF3272A38EA00271DF1 /* BaseUIStackView.swift */,
				B377CBF5272A3B1100271DF1 /* HStack.swift */,
				B377CBF7272A3B2B00271DF1 /* VStack.swift */,
				B377CBF9272A3B7400271DF1 /* BaseUIButton.swift */,
			);
			path = Components;
			sourceTree = "<group>";
		};
/* End PBXGroup section */

/* Begin PBXNativeTarget section */
		B310BD2F2728FFFF005F81D5 /* pracitice1 */ = {
			isa = PBXNativeTarget;
			buildConfigurationList = B310BD4427290003005F81D5 /* Build configuration list for PBXNativeTarget "pracitice1" */;
			buildPhases = (
				B310BD2C2728FFFF005F81D5 /* Sources */,
				B310BD2D2728FFFF005F81D5 /* Frameworks */,
				B310BD2E2728FFFF005F81D5 /* Resources */,
			);
			buildRules = (
			);
			dependencies = (
			);
			name = pracitice1;
			productName = pracitice1;
			productReference = B310BD302728FFFF005F81D5 /* pracitice1.app */;
			productType = "com.apple.product-type.application";
		};
/* End PBXNativeTarget section */

/* Begin PBXProject section */
		B310BD282728FFFF005F81D5 /* Project object */ = {
			isa = PBXProject;
			attributes = {
				BuildIndependentTargetsInParallel = 1;
				LastSwiftUpdateCheck = 1310;
				LastUpgradeCheck = 1310;
				TargetAttributes = {
					B310BD2F2728FFFF005F81D5 = {
						CreatedOnToolsVersion = 13.1;
					};
				};
			};
			buildConfigurationList = B310BD2B2728FFFF005F81D5 /* Build configuration list for PBXProject "pracitice1" */;
			compatibilityVersion = "Xcode 13.0";
			developmentRegion = en;
			hasScannedForEncodings = 0;
			knownRegions = (
				en,
				Base,
			);
			mainGroup = B310BD272728FFFF005F81D5;
			productRefGroup = B310BD312728FFFF005F81D5 /* Products */;
			projectDirPath = "";
			projectRoot = "";
			targets = (
				B310BD2F2728FFFF005F81D5 /* pracitice1 */,
			);
		};
/* End PBXProject section */

/* Begin PBXResourcesBuildPhase section */
		B310BD2E2728FFFF005F81D5 /* Resources */ = {
			isa = PBXResourcesBuildPhase;
			buildActionMask = 2147483647;
			files = (
				B310BD4027290003005F81D5 /* LaunchScreen.storyboard in Resources */,
				B310BD3D27290003005F81D5 /* Assets.xcassets in Resources */,
			);
			runOnlyForDeploymentPostprocessing = 0;
		};
/* End PBXResourcesBuildPhase section */

/* Begin PBXSourcesBuildPhase section */
		B310BD2C2728FFFF005F81D5 /* Sources */ = {
			isa = PBXSourcesBuildPhase;
			buildActionMask = 2147483647;
			files = (
				B310BD482729012E005F81D5 /* WelcomeViewController.swift in Sources */,
				B310BD342728FFFF005F81D5 /* AppDelegate.swift in Sources */,
				B310BD362728FFFF005F81D5 /* SceneDelegate.swift in Sources */,
				B377CBFA272A3B7400271DF1 /* BaseUIButton.swift in Sources */,
				B377CBF8272A3B2B00271DF1 /* VStack.swift in Sources */,
				B377CBF6272A3B1100271DF1 /* HStack.swift in Sources */,
				B377CBF2272A332600271DF1 /* BaseUILabel.swift in Sources */,
				B377CBF4272A38EA00271DF1 /* BaseUIStackView.swift in Sources */,
				B310BD4B272911FA005F81D5 /* BaseUIImageView.swift in Sources */,
			);
			runOnlyForDeploymentPostprocessing = 0;
		};
/* End PBXSourcesBuildPhase section */

/* Begin PBXVariantGroup section */
		B310BD3E27290003005F81D5 /* LaunchScreen.storyboard */ = {
			isa = PBXVariantGroup;
			children = (
				B310BD3F27290003005F81D5 /* Base */,
			);
			name = LaunchScreen.storyboard;
			sourceTree = "<group>";
		};
/* End PBXVariantGroup section */

/* Begin XCBuildConfiguration section */
		B310BD4227290003005F81D5 /* Debug */ = {
			isa = XCBuildConfiguration;
			buildSettings = {
				ALWAYS_SEARCH_USER_PATHS = NO;
				CLANG_ANALYZER_NONNULL = YES;
				CLANG_ANALYZER_NUMBER_OBJECT_CONVERSION = YES_AGGRESSIVE;
				CLANG_CXX_LANGUAGE_STANDARD = "gnu++17";
				CLANG_CXX_LIBRARY = "libc++";
				CLANG_ENABLE_MODULES = YES;
				CLANG_ENABLE_OBJC_ARC = YES;
				CLANG_ENABLE_OBJC_WEAK = YES;
				CLANG_WARN_BLOCK_CAPTURE_AUTORELEASING = YES;
				CLANG_WARN_BOOL_CONVERSION = YES;
				CLANG_WARN_COMMA = YES;
				CLANG_WARN_CONSTANT_CONVERSION = YES;
				CLANG_WARN_DEPRECATED_OBJC_IMPLEMENTATIONS = YES;
				CLANG_WARN_DIRECT_OBJC_ISA_USAGE = YES_ERROR;
				CLANG_WARN_DOCUMENTATION_COMMENTS = YES;
				CLANG_WARN_EMPTY_BODY = YES;
				CLANG_WARN_ENUM_CONVERSION = YES;
				CLANG_WARN_INFINITE_RECURSION = YES;
				CLANG_WARN_INT_CONVERSION = YES;
				CLANG_WARN_NON_LITERAL_NULL_CONVERSION = YES;
				CLANG_WARN_OBJC_IMPLICIT_RETAIN_SELF = YES;
				CLANG_WARN_OBJC_LITERAL_CONVERSION = YES;
				CLANG_WARN_OBJC_ROOT_CLASS = YES_ERROR;
				CLANG_WARN_QUOTED_INCLUDE_IN_FRAMEWORK_HEADER = YES;
				CLANG_WARN_RANGE_LOOP_ANALYSIS = YES;
				CLANG_WARN_STRICT_PROTOTYPES = YES;
				CLANG_WARN_SUSPICIOUS_MOVE = YES;
				CLANG_WARN_UNGUARDED_AVAILABILITY = YES_AGGRESSIVE;
				CLANG_WARN_UNREACHABLE_CODE = YES;
				CLANG_WARN__DUPLICATE_METHOD_MATCH = YES;
				COPY_PHASE_STRIP = NO;
				DEBUG_INFORMATION_FORMAT = dwarf;
				ENABLE_STRICT_OBJC_MSGSEND = YES;
				ENABLE_TESTABILITY = YES;
				GCC_C_LANGUAGE_STANDARD = gnu11;
				GCC_DYNAMIC_NO_PIC = NO;
				GCC_NO_COMMON_BLOCKS = YES;
				GCC_OPTIMIZATION_LEVEL = 0;
				GCC_PREPROCESSOR_DEFINITIONS = (
					"DEBUG=1",
					"$(inherited)",
				);
				GCC_WARN_64_TO_32_BIT_CONVERSION = YES;
				GCC_WARN_ABOUT_RETURN_TYPE = YES_ERROR;
				GCC_WARN_UNDECLARED_SELECTOR = YES;
				GCC_WARN_UNINITIALIZED_AUTOS = YES_AGGRESSIVE;
				GCC_WARN_UNUSED_FUNCTION = YES;
				GCC_WARN_UNUSED_VARIABLE = YES;
				IPHONEOS_DEPLOYMENT_TARGET = 15.0;
				MTL_ENABLE_DEBUG_INFO = INCLUDE_SOURCE;
				MTL_FAST_MATH = YES;
				ONLY_ACTIVE_ARCH = YES;
				SDKROOT = iphoneos;
				SWIFT_ACTIVE_COMPILATION_CONDITIONS = DEBUG;
				SWIFT_OPTIMIZATION_LEVEL = "-Onone";
			};
			name = Debug;
		};
		B310BD4327290003005F81D5 /* Release */ = {
			isa = XCBuildConfiguration;
			buildSettings = {
				ALWAYS_SEARCH_USER_PATHS = NO;
				CLANG_ANALYZER_NONNULL = YES;
				CLANG_ANALYZER_NUMBER_OBJECT_CONVERSION = YES_AGGRESSIVE;
				CLANG_CXX_LANGUAGE_STANDARD = "gnu++17";
				CLANG_CXX_LIBRARY = "libc++";
				CLANG_ENABLE_MODULES = YES;
				CLANG_ENABLE_OBJC_ARC = YES;
				CLANG_ENABLE_OBJC_WEAK = YES;
				CLANG_WARN_BLOCK_CAPTURE_AUTORELEASING = YES;
				CLANG_WARN_BOOL_CONVERSION = YES;
				CLANG_WARN_COMMA = YES;
				CLANG_WARN_CONSTANT_CONVERSION = YES;
				CLANG_WARN_DEPRECATED_OBJC_IMPLEMENTATIONS = YES;
				CLANG_WARN_DIRECT_OBJC_ISA_USAGE = YES_ERROR;
				CLANG_WARN_DOCUMENTATION_COMMENTS = YES;
				CLANG_WARN_EMPTY_BODY = YES;
				CLANG_WARN_ENUM_CONVERSION = YES;
				CLANG_WARN_INFINITE_RECURSION = YES;
				CLANG_WARN_INT_CONVERSION = YES;
				CLANG_WARN_NON_LITERAL_NULL_CONVERSION = YES;
				CLANG_WARN_OBJC_IMPLICIT_RETAIN_SELF = YES;
				CLANG_WARN_OBJC_LITERAL_CONVERSION = YES;
				CLANG_WARN_OBJC_ROOT_CLASS = YES_ERROR;
				CLANG_WARN_QUOTED_INCLUDE_IN_FRAMEWORK_HEADER = YES;
				CLANG_WARN_RANGE_LOOP_ANALYSIS = YES;
				CLANG_WARN_STRICT_PROTOTYPES = YES;
				CLANG_WARN_SUSPICIOUS_MOVE = YES;
				CLANG_WARN_UNGUARDED_AVAILABILITY = YES_AGGRESSIVE;
				CLANG_WARN_UNREACHABLE_CODE = YES;
				CLANG_WARN__DUPLICATE_METHOD_MATCH = YES;
				COPY_PHASE_STRIP = NO;
				DEBUG_INFORMATION_FORMAT = "dwarf-with-dsym";
				ENABLE_NS_ASSERTIONS = NO;
				ENABLE_STRICT_OBJC_MSGSEND = YES;
				GCC_C_LANGUAGE_STANDARD = gnu11;
				GCC_NO_COMMON_BLOCKS = YES;
				GCC_WARN_64_TO_32_BIT_CONVERSION = YES;
				GCC_WARN_ABOUT_RETURN_TYPE = YES_ERROR;
				GCC_WARN_UNDECLARED_SELECTOR = YES;
				GCC_WARN_UNINITIALIZED_AUTOS = YES_AGGRESSIVE;
				GCC_WARN_UNUSED_FUNCTION = YES;
				GCC_WARN_UNUSED_VARIABLE = YES;
				IPHONEOS_DEPLOYMENT_TARGET = 15.0;
				MTL_ENABLE_DEBUG_INFO = NO;
				MTL_FAST_MATH = YES;
				SDKROOT = iphoneos;
				SWIFT_COMPILATION_MODE = wholemodule;
				SWIFT_OPTIMIZATION_LEVEL = "-O";
				VALIDATE_PRODUCT = YES;
			};
			name = Release;
		};
		B310BD4527290003005F81D5 /* Debug */ = {
			isa = XCBuildConfiguration;
			buildSettings = {
				ASSETCATALOG_COMPILER_APPICON_NAME = AppIcon;
				ASSETCATALOG_COMPILER_GLOBAL_ACCENT_COLOR_NAME = AccentColor;
				CODE_SIGN_STYLE = Automatic;
				CURRENT_PROJECT_VERSION = 1;
				GENERATE_INFOPLIST_FILE = YES;
				INFOPLIST_FILE = pracitice1/Info.plist;
				INFOPLIST_KEY_UIApplicationSupportsIndirectInputEvents = YES;
				INFOPLIST_KEY_UILaunchStoryboardName = LaunchScreen;
				INFOPLIST_KEY_UIMainStoryboardFile = "";
				INFOPLIST_KEY_UISupportedInterfaceOrientations_iPad = "UIInterfaceOrientationPortrait UIInterfaceOrientationPortraitUpsideDown UIInterfaceOrientationLandscapeLeft UIInterfaceOrientationLandscapeRight";
				INFOPLIST_KEY_UISupportedInterfaceOrientations_iPhone = "UIInterfaceOrientationPortrait UIInterfaceOrientationLandscapeLeft UIInterfaceOrientationLandscapeRight";
				LD_RUNPATH_SEARCH_PATHS = (
					"$(inherited)",
					"@executable_path/Frameworks",
				);
				MARKETING_VERSION = 1.0;
				PRODUCT_BUNDLE_IDENTIFIER = MYCompany.pracitice1;
				PRODUCT_NAME = "$(TARGET_NAME)";
				SWIFT_EMIT_LOC_STRINGS = YES;
				SWIFT_VERSION = 5.0;
				TARGETED_DEVICE_FAMILY = "1,2";
			};
			name = Debug;
		};
		B310BD4627290003005F81D5 /* Release */ = {
			isa = XCBuildConfiguration;
			buildSettings = {
				ASSETCATALOG_COMPILER_APPICON_NAME = AppIcon;
				ASSETCATALOG_COMPILER_GLOBAL_ACCENT_COLOR_NAME = AccentColor;
				CODE_SIGN_STYLE = Automatic;
				CURRENT_PROJECT_VERSION = 1;
				GENERATE_INFOPLIST_FILE = YES;
				INFOPLIST_FILE = pracitice1/Info.plist;
				INFOPLIST_KEY_UIApplicationSupportsIndirectInputEvents = YES;
				INFOPLIST_KEY_UILaunchStoryboardName = LaunchScreen;
				INFOPLIST_KEY_UIMainStoryboardFile = "";
				INFOPLIST_KEY_UISupportedInterfaceOrientations_iPad = "UIInterfaceOrientationPortrait UIInterfaceOrientationPortraitUpsideDown UIInterfaceOrientationLandscapeLeft UIInterfaceOrientationLandscapeRight";
				INFOPLIST_KEY_UISupportedInterfaceOrientations_iPhone = "UIInterfaceOrientationPortrait UIInterfaceOrientationLandscapeLeft UIInterfaceOrientationLandscapeRight";
				LD_RUNPATH_SEARCH_PATHS = (
					"$(inherited)",
					"@executable_path/Frameworks",
				);
				MARKETING_VERSION = 1.0;
				PRODUCT_BUNDLE_IDENTIFIER = MYCompany.pracitice1;
				PRODUCT_NAME = "$(TARGET_NAME)";
				SWIFT_EMIT_LOC_STRINGS = YES;
				SWIFT_VERSION = 5.0;
				TARGETED_DEVICE_FAMILY = "1,2";
			};
			name = Release;
		};
/* End XCBuildConfiguration section */

/* Begin XCConfigurationList section */
		B310BD2B2728FFFF005F81D5 /* Build configuration list for PBXProject "pracitice1" */ = {
			isa = XCConfigurationList;
			buildConfigurations = (
				B310BD4227290003005F81D5 /* Debug */,
				B310BD4327290003005F81D5 /* Release */,
			);
			defaultConfigurationIsVisible = 0;
			defaultConfigurationName = Release;
		};
		B310BD4427290003005F81D5 /* Build configuration list for PBXNativeTarget "pracitice1" */ = {
			isa = XCConfigurationList;
			buildConfigurations = (
				B310BD4527290003005F81D5 /* Debug */,
				B310BD4627290003005F81D5 /* Release */,
			);
			defaultConfigurationIsVisible = 0;
			defaultConfigurationName = Release;
		};
/* End XCConfigurationList section */
	};
	rootObject = B310BD282728FFFF005F81D5 /* Project object */;
}
