// !$*UTF8*$!
{
	archiveVersion = 1;
	classes = {
	};
	objectVersion = 55;
	objects = {

/* Begin PBXBuildFile section */
		B310BD342728FFFF005F81D5 /* AppDelegate.swift in Sources */ = {isa = PBXBuildFile; fileRef = B310BD332728FFFF005F81D5 /* AppDelegate.swift */; };
		B310BD362728FFFF005F81D5 /* SceneDelegate.swift in Sources */ = {isa = PBXBuildFile; fileRef = B310BD352728FFFF005F81D5 /* SceneDelegate.swift */; };
		B310BD3D27290003005F81D5 /* Assets.xcassets in Resources */ = {isa = PBXBuildFile; fileRef = B310BD3C27290003005F81D5 /* Assets.xcassets */; };
		B310BD4027290003005F81D5 /* LaunchScreen.storyboard in Resources */ = {isa = PBXBuildFile; fileRef = B310BD3E27290003005F81D5 /* LaunchScreen.storyboard */; };
		B310BD482729012E005F81D5 /* WelcomeViewController.swift in Sources */ = {isa = PBXBuildFile; fileRef = B310BD472729012E005F81D5 /* WelcomeViewController.swift */; };
		B310BD4B272911FA005F81D5 /* BaseUIImageView.swift in Sources */ = {isa = PBXBuildFile; fileRef = B310BD4A272911FA005F81D5 /* BaseUIImageView.swift */; };
		B31B9E9A272B60DB002592E6 /* SignUpViewController.swift in Sources */ = {isa = PBXBuildFile; fileRef = B31B9E99272B60DB002592E6 /* SignUpViewController.swift */; };
		B31B9E9C272B6108002592E6 /* LoginViewController.swift in Sources */ = {isa = PBXBuildFile; fileRef = B31B9E9B272B6108002592E6 /* LoginViewController.swift */; };
		B31B9E9E272B8AC8002592E6 /* BaseUITextField.swift in Sources */ = {isa = PBXBuildFile; fileRef = B31B9E9D272B8AC7002592E6 /* BaseUITextField.swift */; };
		B31B9EA1272B94D1002592E6 /* Utils.swift in Sources */ = {isa = PBXBuildFile; fileRef = B31B9EA0272B94D1002592E6 /* Utils.swift */; };
		B31B9EA5272BAE2D002592E6 /* FriendsViewController.swift in Sources */ = {isa = PBXBuildFile; fileRef = B31B9EA4272BAE2D002592E6 /* FriendsViewController.swift */; };
		B31B9EA7272BAEF9002592E6 /* FriendCell.swift in Sources */ = {isa = PBXBuildFile; fileRef = B31B9EA6272BAEF9002592E6 /* FriendCell.swift */; };
		B3327BE4272CD70800341DFB /* ProfileViewController.swift in Sources */ = {isa = PBXBuildFile; fileRef = B3327BE3272CD70800341DFB /* ProfileViewController.swift */; };
		B3327BE7272CEDA800341DFB /* User.swift in Sources */ = {isa = PBXBuildFile; fileRef = B3327BE6272CEDA800341DFB /* User.swift */; };
		B3327BE9272CEDF300341DFB /* DataProvider.swift in Sources */ = {isa = PBXBuildFile; fileRef = B3327BE8272CEDF300341DFB /* DataProvider.swift */; };
		B3327BEB272CF34200341DFB /* FriendCell2.swift in Sources */ = {isa = PBXBuildFile; fileRef = B3327BEA272CF34200341DFB /* FriendCell2.swift */; };
		B377CBF2272A332600271DF1 /* BaseUILabel.swift in Sources */ = {isa = PBXBuildFile; fileRef = B377CBF1272A332600271DF1 /* BaseUILabel.swift */; };
		B377CBF4272A38EA00271DF1 /* BaseUIStackView.swift in Sources */ = {isa = PBXBuildFile; fileRef = B377CBF3272A38EA00271DF1 /* BaseUIStackView.swift */; };
		B377CBF6272A3B1100271DF1 /* HStack.swift in Sources */ = {isa = PBXBuildFile; fileRef = B377CBF5272A3B1100271DF1 /* HStack.swift */; };
		B377CBF8272A3B2B00271DF1 /* VStack.swift in Sources */ = {isa = PBXBuildFile; fileRef = B377CBF7272A3B2B00271DF1 /* VStack.swift */; };
		B377CBFA272A3B7400271DF1 /* BaseUIButton.swift in Sources */ = {isa = PBXBuildFile; fileRef = B377CBF9272A3B7400271DF1 /* BaseUIButton.swift */; };
		B3A0562B273462F700ACD9B2 /* DataProviderList.swift in Sources */ = {isa = PBXBuildFile; fileRef = B3A0562A273462F700ACD9B2 /* DataProviderList.swift */; };
		B3A68A542733CEBE000BD093 /* ProfileItemForNotification.swift in Sources */ = {isa = PBXBuildFile; fileRef = B3A68A532733CEBD000BD093 /* ProfileItemForNotification.swift */; };
		B3AEF319273CC39C0066CA20 /* ImageViewerViewController.swift in Sources */ = {isa = PBXBuildFile; fileRef = B3AEF318273CC39C0066CA20 /* ImageViewerViewController.swift */; };
		B3AF7B18273A2C13006C2379 /* Place.swift in Sources */ = {isa = PBXBuildFile; fileRef = B3AF7B17273A2C13006C2379 /* Place.swift */; };
		B3AF7B1A273A3654006C2379 /* PlaceCell.swift in Sources */ = {isa = PBXBuildFile; fileRef = B3AF7B19273A3654006C2379 /* PlaceCell.swift */; };
		B3CBB7C5273609270038A3DC /* BaseUIView.swift in Sources */ = {isa = PBXBuildFile; fileRef = B3CBB7C4273609270038A3DC /* BaseUIView.swift */; };
		B3CBB7C72736098D0038A3DC /* EmptyView.swift in Sources */ = {isa = PBXBuildFile; fileRef = B3CBB7C62736098D0038A3DC /* EmptyView.swift */; };
		B3CFF1DC2745E1040087637E /* BaseUIScrollview.swift in Sources */ = {isa = PBXBuildFile; fileRef = B3CFF1DB2745E1040087637E /* BaseUIScrollview.swift */; };
		B3CFF1E0274604560087637E /* ScrollableViewController.swift in Sources */ = {isa = PBXBuildFile; fileRef = B3CFF1DF274604560087637E /* ScrollableViewController.swift */; };
		B3CFF1E2274608730087637E /* PlaceDetailViewController.swift in Sources */ = {isa = PBXBuildFile; fileRef = B3CFF1E1274608730087637E /* PlaceDetailViewController.swift */; };
		B3CFF1E4274609F50087637E /* VScrollableView.swift in Sources */ = {isa = PBXBuildFile; fileRef = B3CFF1E3274609F50087637E /* VScrollableView.swift */; };
		B3CFF1E6274610B10087637E /* PhotoCell.swift in Sources */ = {isa = PBXBuildFile; fileRef = B3CFF1E5274610B10087637E /* PhotoCell.swift */; };
		B3FD92582732357B000916A6 /* AppRouter.swift in Sources */ = {isa = PBXBuildFile; fileRef = B3FD92572732357B000916A6 /* AppRouter.swift */; };
		B3FD925B273235A1000916A6 /* ProfileItemView.swift in Sources */ = {isa = PBXBuildFile; fileRef = B3FD925A273235A1000916A6 /* ProfileItemView.swift */; };
		B3FD925D2732360B000916A6 /* TabBarViewController.swift in Sources */ = {isa = PBXBuildFile; fileRef = B3FD925C2732360B000916A6 /* TabBarViewController.swift */; };
		B3FD925F27323640000916A6 /* ManageAccountViewController.swift in Sources */ = {isa = PBXBuildFile; fileRef = B3FD925E27323640000916A6 /* ManageAccountViewController.swift */; };
		B3FD926127323668000916A6 /* HomeViewController.swift in Sources */ = {isa = PBXBuildFile; fileRef = B3FD926027323668000916A6 /* HomeViewController.swift */; };
		B3FD9263273236B7000916A6 /* LoginFailViewController.swift in Sources */ = {isa = PBXBuildFile; fileRef = B3FD9262273236B7000916A6 /* LoginFailViewController.swift */; };
		B3FD9265273236E1000916A6 /* FriendsListViewController.swift in Sources */ = {isa = PBXBuildFile; fileRef = B3FD9264273236E1000916A6 /* FriendsListViewController.swift */; };
		B3FD9267273236F9000916A6 /* FriendsSortedListViewController.swift in Sources */ = {isa = PBXBuildFile; fileRef = B3FD9266273236F9000916A6 /* FriendsSortedListViewController.swift */; };
		B3FD926927324AD1000916A6 /* LoginForgotController.swift in Sources */ = {isa = PBXBuildFile; fileRef = B3FD926827324AD1000916A6 /* LoginForgotController.swift */; };
		B3FD926B27324BA9000916A6 /* FriendRandomCell.swift in Sources */ = {isa = PBXBuildFile; fileRef = B3FD926A27324BA9000916A6 /* FriendRandomCell.swift */; };
		B3FD926D27326181000916A6 /* LocalDataManager.swift in Sources */ = {isa = PBXBuildFile; fileRef = B3FD926C27326181000916A6 /* LocalDataManager.swift */; };
/* End PBXBuildFile section */

/* Begin PBXFileReference section */
		B310BD302728FFFF005F81D5 /* pracitice1.app */ = {isa = PBXFileReference; explicitFileType = wrapper.application; includeInIndex = 0; path = pracitice1.app; sourceTree = BUILT_PRODUCTS_DIR; };
		B310BD332728FFFF005F81D5 /* AppDelegate.swift */ = {isa = PBXFileReference; lastKnownFileType = sourcecode.swift; path = AppDelegate.swift; sourceTree = "<group>"; };
		B310BD352728FFFF005F81D5 /* SceneDelegate.swift */ = {isa = PBXFileReference; lastKnownFileType = sourcecode.swift; path = SceneDelegate.swift; sourceTree = "<group>"; };
		B310BD3C27290003005F81D5 /* Assets.xcassets */ = {isa = PBXFileReference; lastKnownFileType = folder.assetcatalog; path = Assets.xcassets; sourceTree = "<group>"; };
		B310BD3F27290003005F81D5 /* Base */ = {isa = PBXFileReference; lastKnownFileType = file.storyboard; name = Base; path = Base.lproj/LaunchScreen.storyboard; sourceTree = "<group>"; };
		B310BD4127290003005F81D5 /* Info.plist */ = {isa = PBXFileReference; lastKnownFileType = text.plist.xml; path = Info.plist; sourceTree = "<group>"; };
		B310BD472729012E005F81D5 /* WelcomeViewController.swift */ = {isa = PBXFileReference; lastKnownFileType = sourcecode.swift; path = WelcomeViewController.swift; sourceTree = "<group>"; };
		B310BD4A272911FA005F81D5 /* BaseUIImageView.swift */ = {isa = PBXFileReference; lastKnownFileType = sourcecode.swift; path = BaseUIImageView.swift; sourceTree = "<group>"; };
		B31B9E99272B60DB002592E6 /* SignUpViewController.swift */ = {isa = PBXFileReference; lastKnownFileType = sourcecode.swift; path = SignUpViewController.swift; sourceTree = "<group>"; };
		B31B9E9B272B6108002592E6 /* LoginViewController.swift */ = {isa = PBXFileReference; lastKnownFileType = sourcecode.swift; path = LoginViewController.swift; sourceTree = "<group>"; };
		B31B9E9D272B8AC7002592E6 /* BaseUITextField.swift */ = {isa = PBXFileReference; lastKnownFileType = sourcecode.swift; path = BaseUITextField.swift; sourceTree = "<group>"; };
		B31B9EA0272B94D1002592E6 /* Utils.swift */ = {isa = PBXFileReference; lastKnownFileType = sourcecode.swift; path = Utils.swift; sourceTree = "<group>"; };
		B31B9EA4272BAE2D002592E6 /* FriendsViewController.swift */ = {isa = PBXFileReference; lastKnownFileType = sourcecode.swift; path = FriendsViewController.swift; sourceTree = "<group>"; };
		B31B9EA6272BAEF9002592E6 /* FriendCell.swift */ = {isa = PBXFileReference; lastKnownFileType = sourcecode.swift; path = FriendCell.swift; sourceTree = "<group>"; };
		B3327BE3272CD70800341DFB /* ProfileViewController.swift */ = {isa = PBXFileReference; lastKnownFileType = sourcecode.swift; path = ProfileViewController.swift; sourceTree = "<group>"; };
		B3327BE6272CEDA800341DFB /* User.swift */ = {isa = PBXFileReference; lastKnownFileType = sourcecode.swift; path = User.swift; sourceTree = "<group>"; };
		B3327BE8272CEDF300341DFB /* DataProvider.swift */ = {isa = PBXFileReference; lastKnownFileType = sourcecode.swift; path = DataProvider.swift; sourceTree = "<group>"; };
		B3327BEA272CF34200341DFB /* FriendCell2.swift */ = {isa = PBXFileReference; lastKnownFileType = sourcecode.swift; path = FriendCell2.swift; sourceTree = "<group>"; };
		B377CBF1272A332600271DF1 /* BaseUILabel.swift */ = {isa = PBXFileReference; lastKnownFileType = sourcecode.swift; path = BaseUILabel.swift; sourceTree = "<group>"; };
		B377CBF3272A38EA00271DF1 /* BaseUIStackView.swift */ = {isa = PBXFileReference; lastKnownFileType = sourcecode.swift; path = BaseUIStackView.swift; sourceTree = "<group>"; };
		B377CBF5272A3B1100271DF1 /* HStack.swift */ = {isa = PBXFileReference; lastKnownFileType = sourcecode.swift; path = HStack.swift; sourceTree = "<group>"; };
		B377CBF7272A3B2B00271DF1 /* VStack.swift */ = {isa = PBXFileReference; lastKnownFileType = sourcecode.swift; path = VStack.swift; sourceTree = "<group>"; };
		B377CBF9272A3B7400271DF1 /* BaseUIButton.swift */ = {isa = PBXFileReference; lastKnownFileType = sourcecode.swift; path = BaseUIButton.swift; sourceTree = "<group>"; };
		B3A0562A273462F700ACD9B2 /* DataProviderList.swift */ = {isa = PBXFileReference; lastKnownFileType = sourcecode.swift; path = DataProviderList.swift; sourceTree = "<group>"; };
		B3A68A532733CEBD000BD093 /* ProfileItemForNotification.swift */ = {isa = PBXFileReference; lastKnownFileType = sourcecode.swift; path = ProfileItemForNotification.swift; sourceTree = "<group>"; };
		B3AEF318273CC39C0066CA20 /* ImageViewerViewController.swift */ = {isa = PBXFileReference; lastKnownFileType = sourcecode.swift; path = ImageViewerViewController.swift; sourceTree = "<group>"; };
		B3AF7B17273A2C13006C2379 /* Place.swift */ = {isa = PBXFileReference; lastKnownFileType = sourcecode.swift; path = Place.swift; sourceTree = "<group>"; };
		B3AF7B19273A3654006C2379 /* PlaceCell.swift */ = {isa = PBXFileReference; lastKnownFileType = sourcecode.swift; path = PlaceCell.swift; sourceTree = "<group>"; };
		B3CBB7C4273609270038A3DC /* BaseUIView.swift */ = {isa = PBXFileReference; lastKnownFileType = sourcecode.swift; path = BaseUIView.swift; sourceTree = "<group>"; };
		B3CBB7C62736098D0038A3DC /* EmptyView.swift */ = {isa = PBXFileReference; lastKnownFileType = sourcecode.swift; path = EmptyView.swift; sourceTree = "<group>"; };
		B3CFF1DB2745E1040087637E /* BaseUIScrollview.swift */ = {isa = PBXFileReference; lastKnownFileType = sourcecode.swift; path = BaseUIScrollview.swift; sourceTree = "<group>"; };
		B3CFF1DF274604560087637E /* ScrollableViewController.swift */ = {isa = PBXFileReference; lastKnownFileType = sourcecode.swift; path = ScrollableViewController.swift; sourceTree = "<group>"; };
		B3CFF1E1274608730087637E /* PlaceDetailViewController.swift */ = {isa = PBXFileReference; lastKnownFileType = sourcecode.swift; path = PlaceDetailViewController.swift; sourceTree = "<group>"; };
		B3CFF1E3274609F50087637E /* VScrollableView.swift */ = {isa = PBXFileReference; lastKnownFileType = sourcecode.swift; path = VScrollableView.swift; sourceTree = "<group>"; };
		B3CFF1E5274610B10087637E /* PhotoCell.swift */ = {isa = PBXFileReference; lastKnownFileType = sourcecode.swift; path = PhotoCell.swift; sourceTree = "<group>"; };
		B3FD92572732357B000916A6 /* AppRouter.swift */ = {isa = PBXFileReference; lastKnownFileType = sourcecode.swift; path = AppRouter.swift; sourceTree = "<group>"; };
		B3FD925A273235A1000916A6 /* ProfileItemView.swift */ = {isa = PBXFileReference; lastKnownFileType = sourcecode.swift; path = ProfileItemView.swift; sourceTree = "<group>"; };
		B3FD925C2732360B000916A6 /* TabBarViewController.swift */ = {isa = PBXFileReference; lastKnownFileType = sourcecode.swift; path = TabBarViewController.swift; sourceTree = "<group>"; };
		B3FD925E27323640000916A6 /* ManageAccountViewController.swift */ = {isa = PBXFileReference; lastKnownFileType = sourcecode.swift; path = ManageAccountViewController.swift; sourceTree = "<group>"; };
		B3FD926027323668000916A6 /* HomeViewController.swift */ = {isa = PBXFileReference; lastKnownFileType = sourcecode.swift; path = HomeViewController.swift; sourceTree = "<group>"; };
		B3FD9262273236B7000916A6 /* LoginFailViewController.swift */ = {isa = PBXFileReference; lastKnownFileType = sourcecode.swift; path = LoginFailViewController.swift; sourceTree = "<group>"; };
		B3FD9264273236E1000916A6 /* FriendsListViewController.swift */ = {isa = PBXFileReference; lastKnownFileType = sourcecode.swift; path = FriendsListViewController.swift; sourceTree = "<group>"; };
		B3FD9266273236F9000916A6 /* FriendsSortedListViewController.swift */ = {isa = PBXFileReference; lastKnownFileType = sourcecode.swift; path = FriendsSortedListViewController.swift; sourceTree = "<group>"; };
		B3FD926827324AD1000916A6 /* LoginForgotController.swift */ = {isa = PBXFileReference; lastKnownFileType = sourcecode.swift; path = LoginForgotController.swift; sourceTree = "<group>"; };
		B3FD926A27324BA9000916A6 /* FriendRandomCell.swift */ = {isa = PBXFileReference; lastKnownFileType = sourcecode.swift; path = FriendRandomCell.swift; sourceTree = "<group>"; };
		B3FD926C27326181000916A6 /* LocalDataManager.swift */ = {isa = PBXFileReference; lastKnownFileType = sourcecode.swift; path = LocalDataManager.swift; sourceTree = "<group>"; };
/* End PBXFileReference section */

/* Begin PBXFrameworksBuildPhase section */
		B310BD2D2728FFFF005F81D5 /* Frameworks */ = {
			isa = PBXFrameworksBuildPhase;
			buildActionMask = 2147483647;
			files = (
			);
			runOnlyForDeploymentPostprocessing = 0;
		};
/* End PBXFrameworksBuildPhase section */

/* Begin PBXGroup section */
		B310BD272728FFFF005F81D5 = {
			isa = PBXGroup;
			children = (
				B310BD322728FFFF005F81D5 /* pracitice1 */,
				B310BD312728FFFF005F81D5 /* Products */,
			);
			sourceTree = "<group>";
		};
		B310BD312728FFFF005F81D5 /* Products */ = {
			isa = PBXGroup;
			children = (
				B310BD302728FFFF005F81D5 /* pracitice1.app */,
			);
			name = Products;
			sourceTree = "<group>";
		};
		B310BD322728FFFF005F81D5 /* pracitice1 */ = {
			isa = PBXGroup;
			children = (
				B3FD92592732358D000916A6 /* View */,
				B3FD92562732355E000916A6 /* Router */,
				B3FD925527323508000916A6 /* Cell */,
				B3327BE5272CED7F00341DFB /* Data */,
				B31B9E9F272B93C7002592E6 /* Utils */,
				B31B9E98272B6089002592E6 /* ViewController  */,
				B310BD49272911CC005F81D5 /* Components */,
				B310BD332728FFFF005F81D5 /* AppDelegate.swift */,
				B310BD352728FFFF005F81D5 /* SceneDelegate.swift */,
				B310BD3C27290003005F81D5 /* Assets.xcassets */,
				B310BD3E27290003005F81D5 /* LaunchScreen.storyboard */,
				B310BD4127290003005F81D5 /* Info.plist */,
			);
			path = pracitice1;
			sourceTree = "<group>";
		};
		B310BD49272911CC005F81D5 /* Components */ = {
			isa = PBXGroup;
			children = (
				B310BD4A272911FA005F81D5 /* BaseUIImageView.swift */,
				B377CBF1272A332600271DF1 /* BaseUILabel.swift */,
				B377CBF3272A38EA00271DF1 /* BaseUIStackView.swift */,
				B377CBF5272A3B1100271DF1 /* HStack.swift */,
				B377CBF7272A3B2B00271DF1 /* VStack.swift */,
				B377CBF9272A3B7400271DF1 /* BaseUIButton.swift */,
				B31B9E9D272B8AC7002592E6 /* BaseUITextField.swift */,
				B3CBB7C4273609270038A3DC /* BaseUIView.swift */,
				B3CBB7C62736098D0038A3DC /* EmptyView.swift */,
				B3CFF1DB2745E1040087637E /* BaseUIScrollview.swift */,
				B3CFF1E3274609F50087637E /* VScrollableView.swift */,
			);
			path = Components;
			sourceTree = "<group>";
		};
		B31B9E98272B6089002592E6 /* ViewController  */ = {
			isa = PBXGroup;
			children = (
				B310BD472729012E005F81D5 /* WelcomeViewController.swift */,
				B3FD925C2732360B000916A6 /* TabBarViewController.swift */,
				B31B9E99272B60DB002592E6 /* SignUpViewController.swift */,
				B31B9E9B272B6108002592E6 /* LoginViewController.swift */,
				B3FD9262273236B7000916A6 /* LoginFailViewController.swift */,
				B3FD926827324AD1000916A6 /* LoginForgotController.swift */,
				B3FD926027323668000916A6 /* HomeViewController.swift */,
				B3327BE3272CD70800341DFB /* ProfileViewController.swift */,
				B3FD925E27323640000916A6 /* ManageAccountViewController.swift */,
				B31B9EA4272BAE2D002592E6 /* FriendsViewController.swift */,
				B3FD9264273236E1000916A6 /* FriendsListViewController.swift */,
				B3FD9266273236F9000916A6 /* FriendsSortedListViewController.swift */,
				B3AEF318273CC39C0066CA20 /* ImageViewerViewController.swift */,
				B3CFF1DF274604560087637E /* ScrollableViewController.swift */,
				B3CFF1E1274608730087637E /* PlaceDetailViewController.swift */,
			);
			path = "ViewController ";
			sourceTree = "<group>";
		};
		B31B9E9F272B93C7002592E6 /* Utils */ = {
			isa = PBXGroup;
			children = (
				B31B9EA0272B94D1002592E6 /* Utils.swift */,
				B3FD926C27326181000916A6 /* LocalDataManager.swift */,
			);
			path = Utils;
			sourceTree = "<group>";
		};
		B3327BE5272CED7F00341DFB /* Data */ = {
			isa = PBXGroup;
			children = (
				B3327BE6272CEDA800341DFB /* User.swift */,
				B3327BE8272CEDF300341DFB /* DataProvider.swift */,
				B3A0562A273462F700ACD9B2 /* DataProviderList.swift */,
				B3AF7B17273A2C13006C2379 /* Place.swift */,
			);
			path = Data;
			sourceTree = "<group>";
		};
		B3FD925527323508000916A6 /* Cell */ = {
			isa = PBXGroup;
			children = (
				B31B9EA6272BAEF9002592E6 /* FriendCell.swift */,
				B3327BEA272CF34200341DFB /* FriendCell2.swift */,
				B3FD926A27324BA9000916A6 /* FriendRandomCell.swift */,
				B3AF7B19273A3654006C2379 /* PlaceCell.swift */,
				B3CFF1E5274610B10087637E /* PhotoCell.swift */,
			);
			path = Cell;
			sourceTree = "<group>";
		};
		B3FD92562732355E000916A6 /* Router */ = {
			isa = PBXGroup;
			children = (
				B3FD92572732357B000916A6 /* AppRouter.swift */,
			);
			path = Router;
			sourceTree = "<group>";
		};
		B3FD92592732358D000916A6 /* View */ = {
			isa = PBXGroup;
			children = (
				B3FD925A273235A1000916A6 /* ProfileItemView.swift */,
				B3A68A532733CEBD000BD093 /* ProfileItemForNotification.swift */,
			);
			path = View;
			sourceTree = "<group>";
		};
/* End PBXGroup section */

/* Begin PBXNativeTarget section */
		B310BD2F2728FFFF005F81D5 /* pracitice1 */ = {
			isa = PBXNativeTarget;
			buildConfigurationList = B310BD4427290003005F81D5 /* Build configuration list for PBXNativeTarget "pracitice1" */;
			buildPhases = (
				B310BD2C2728FFFF005F81D5 /* Sources */,
				B310BD2D2728FFFF005F81D5 /* Frameworks */,
				B310BD2E2728FFFF005F81D5 /* Resources */,
			);
			buildRules = (
			);
			dependencies = (
			);
			name = pracitice1;
			productName = pracitice1;
			productReference = B310BD302728FFFF005F81D5 /* pracitice1.app */;
			productType = "com.apple.product-type.application";
		};
/* End PBXNativeTarget section */

/* Begin PBXProject section */
		B310BD282728FFFF005F81D5 /* Project object */ = {
			isa = PBXProject;
			attributes = {
				BuildIndependentTargetsInParallel = 1;
				LastSwiftUpdateCheck = 1310;
				LastUpgradeCheck = 1310;
				TargetAttributes = {
					B310BD2F2728FFFF005F81D5 = {
						CreatedOnToolsVersion = 13.1;
					};
				};
			};
			buildConfigurationList = B310BD2B2728FFFF005F81D5 /* Build configuration list for PBXProject "pracitice1" */;
			compatibilityVersion = "Xcode 13.0";
			developmentRegion = en;
			hasScannedForEncodings = 0;
			knownRegions = (
				en,
				Base,
			);
			mainGroup = B310BD272728FFFF005F81D5;
			productRefGroup = B310BD312728FFFF005F81D5 /* Products */;
			projectDirPath = "";
			projectRoot = "";
			targets = (
				B310BD2F2728FFFF005F81D5 /* pracitice1 */,
			);
		};
/* End PBXProject section */

/* Begin PBXResourcesBuildPhase section */
		B310BD2E2728FFFF005F81D5 /* Resources */ = {
			isa = PBXResourcesBuildPhase;
			buildActionMask = 2147483647;
			files = (
				B310BD4027290003005F81D5 /* LaunchScreen.storyboard in Resources */,
				B310BD3D27290003005F81D5 /* Assets.xcassets in Resources */,
			);
			runOnlyForDeploymentPostprocessing = 0;
		};
/* End PBXResourcesBuildPhase section */

/* Begin PBXSourcesBuildPhase section */
		B310BD2C2728FFFF005F81D5 /* Sources */ = {
			isa = PBXSourcesBuildPhase;
			buildActionMask = 2147483647;
			files = (
				B310BD482729012E005F81D5 /* WelcomeViewController.swift in Sources */,
				B310BD342728FFFF005F81D5 /* AppDelegate.swift in Sources */,
				B3FD925D2732360B000916A6 /* TabBarViewController.swift in Sources */,
				B310BD362728FFFF005F81D5 /* SceneDelegate.swift in Sources */,
				B377CBFA272A3B7400271DF1 /* BaseUIButton.swift in Sources */,
				B31B9EA7272BAEF9002592E6 /* FriendCell.swift in Sources */,
				B31B9EA5272BAE2D002592E6 /* FriendsViewController.swift in Sources */,
				B3FD925F27323640000916A6 /* ManageAccountViewController.swift in Sources */,
				B3CBB7C5273609270038A3DC /* BaseUIView.swift in Sources */,
				B3327BE9272CEDF300341DFB /* DataProvider.swift in Sources */,
				B3327BE4272CD70800341DFB /* ProfileViewController.swift in Sources */,
				B3CFF1E0274604560087637E /* ScrollableViewController.swift in Sources */,
				B3FD92582732357B000916A6 /* AppRouter.swift in Sources */,
				B3A68A542733CEBE000BD093 /* ProfileItemForNotification.swift in Sources */,
				B3FD926127323668000916A6 /* HomeViewController.swift in Sources */,
				B3FD926B27324BA9000916A6 /* FriendRandomCell.swift in Sources */,
				B3CFF1E4274609F50087637E /* VScrollableView.swift in Sources */,
				B3FD926927324AD1000916A6 /* LoginForgotController.swift in Sources */,
				B3327BE7272CEDA800341DFB /* User.swift in Sources */,
				B3FD9265273236E1000916A6 /* FriendsListViewController.swift in Sources */,
				B31B9E9A272B60DB002592E6 /* SignUpViewController.swift in Sources */,
				B3AF7B18273A2C13006C2379 /* Place.swift in Sources */,
				B3A0562B273462F700ACD9B2 /* DataProviderList.swift in Sources */,
				B31B9EA1272B94D1002592E6 /* Utils.swift in Sources */,
				B3AEF319273CC39C0066CA20 /* ImageViewerViewController.swift in Sources */,
				B3327BEB272CF34200341DFB /* FriendCell2.swift in Sources */,
				B377CBF8272A3B2B00271DF1 /* VStack.swift in Sources */,
				B31B9E9E272B8AC8002592E6 /* BaseUITextField.swift in Sources */,
				B3CFF1E6274610B10087637E /* PhotoCell.swift in Sources */,
				B3CFF1DC2745E1040087637E /* BaseUIScrollview.swift in Sources */,
				B3CBB7C72736098D0038A3DC /* EmptyView.swift in Sources */,
				B377CBF6272A3B1100271DF1 /* HStack.swift in Sources */,
				B377CBF2272A332600271DF1 /* BaseUILabel.swift in Sources */,
				B3FD926D27326181000916A6 /* LocalDataManager.swift in Sources */,
				B3FD9263273236B7000916A6 /* LoginFailViewController.swift in Sources */,
				B3FD9267273236F9000916A6 /* FriendsSortedListViewController.swift in Sources */,
				B377CBF4272A38EA00271DF1 /* BaseUIStackView.swift in Sources */,
				B310BD4B272911FA005F81D5 /* BaseUIImageView.swift in Sources */,
				B3FD925B273235A1000916A6 /* ProfileItemView.swift in Sources */,
				B31B9E9C272B6108002592E6 /* LoginViewController.swift in Sources */,
				B3CFF1E2274608730087637E /* PlaceDetailViewController.swift in Sources */,
				B3AF7B1A273A3654006C2379 /* PlaceCell.swift in Sources */,
			);
			runOnlyForDeploymentPostprocessing = 0;
		};
/* End PBXSourcesBuildPhase section */

/* Begin PBXVariantGroup section */
		B310BD3E27290003005F81D5 /* LaunchScreen.storyboard */ = {
			isa = PBXVariantGroup;
			children = (
				B310BD3F27290003005F81D5 /* Base */,
			);
			name = LaunchScreen.storyboard;
			sourceTree = "<group>";
		};
/* End PBXVariantGroup section */

/* Begin XCBuildConfiguration section */
		B310BD4227290003005F81D5 /* Debug */ = {
			isa = XCBuildConfiguration;
			buildSettings = {
				ALWAYS_SEARCH_USER_PATHS = NO;
				CLANG_ANALYZER_NONNULL = YES;
				CLANG_ANALYZER_NUMBER_OBJECT_CONVERSION = YES_AGGRESSIVE;
				CLANG_CXX_LANGUAGE_STANDARD = "gnu++17";
				CLANG_CXX_LIBRARY = "libc++";
				CLANG_ENABLE_MODULES = YES;
				CLANG_ENABLE_OBJC_ARC = YES;
				CLANG_ENABLE_OBJC_WEAK = YES;
				CLANG_WARN_BLOCK_CAPTURE_AUTORELEASING = YES;
				CLANG_WARN_BOOL_CONVERSION = YES;
				CLANG_WARN_COMMA = YES;
				CLANG_WARN_CONSTANT_CONVERSION = YES;
				CLANG_WARN_DEPRECATED_OBJC_IMPLEMENTATIONS = YES;
				CLANG_WARN_DIRECT_OBJC_ISA_USAGE = YES_ERROR;
				CLANG_WARN_DOCUMENTATION_COMMENTS = YES;
				CLANG_WARN_EMPTY_BODY = YES;
				CLANG_WARN_ENUM_CONVERSION = YES;
				CLANG_WARN_INFINITE_RECURSION = YES;
				CLANG_WARN_INT_CONVERSION = YES;
				CLANG_WARN_NON_LITERAL_NULL_CONVERSION = YES;
				CLANG_WARN_OBJC_IMPLICIT_RETAIN_SELF = YES;
				CLANG_WARN_OBJC_LITERAL_CONVERSION = YES;
				CLANG_WARN_OBJC_ROOT_CLASS = YES_ERROR;
				CLANG_WARN_QUOTED_INCLUDE_IN_FRAMEWORK_HEADER = YES;
				CLANG_WARN_RANGE_LOOP_ANALYSIS = YES;
				CLANG_WARN_STRICT_PROTOTYPES = YES;
				CLANG_WARN_SUSPICIOUS_MOVE = YES;
				CLANG_WARN_UNGUARDED_AVAILABILITY = YES_AGGRESSIVE;
				CLANG_WARN_UNREACHABLE_CODE = YES;
				CLANG_WARN__DUPLICATE_METHOD_MATCH = YES;
				COPY_PHASE_STRIP = NO;
				DEBUG_INFORMATION_FORMAT = dwarf;
				ENABLE_STRICT_OBJC_MSGSEND = YES;
				ENABLE_TESTABILITY = YES;
				GCC_C_LANGUAGE_STANDARD = gnu11;
				GCC_DYNAMIC_NO_PIC = NO;
				GCC_NO_COMMON_BLOCKS = YES;
				GCC_OPTIMIZATION_LEVEL = 0;
				GCC_PREPROCESSOR_DEFINITIONS = (
					"DEBUG=1",
					"$(inherited)",
				);
				GCC_WARN_64_TO_32_BIT_CONVERSION = YES;
				GCC_WARN_ABOUT_RETURN_TYPE = YES_ERROR;
				GCC_WARN_UNDECLARED_SELECTOR = YES;
				GCC_WARN_UNINITIALIZED_AUTOS = YES_AGGRESSIVE;
				GCC_WARN_UNUSED_FUNCTION = YES;
				GCC_WARN_UNUSED_VARIABLE = YES;
				IPHONEOS_DEPLOYMENT_TARGET = 15.0;
				MTL_ENABLE_DEBUG_INFO = INCLUDE_SOURCE;
				MTL_FAST_MATH = YES;
				ONLY_ACTIVE_ARCH = YES;
				SDKROOT = iphoneos;
				SWIFT_ACTIVE_COMPILATION_CONDITIONS = DEBUG;
				SWIFT_OPTIMIZATION_LEVEL = "-Onone";
			};
			name = Debug;
		};
		B310BD4327290003005F81D5 /* Release */ = {
			isa = XCBuildConfiguration;
			buildSettings = {
				ALWAYS_SEARCH_USER_PATHS = NO;
				CLANG_ANALYZER_NONNULL = YES;
				CLANG_ANALYZER_NUMBER_OBJECT_CONVERSION = YES_AGGRESSIVE;
				CLANG_CXX_LANGUAGE_STANDARD = "gnu++17";
				CLANG_CXX_LIBRARY = "libc++";
				CLANG_ENABLE_MODULES = YES;
				CLANG_ENABLE_OBJC_ARC = YES;
				CLANG_ENABLE_OBJC_WEAK = YES;
				CLANG_WARN_BLOCK_CAPTURE_AUTORELEASING = YES;
				CLANG_WARN_BOOL_CONVERSION = YES;
				CLANG_WARN_COMMA = YES;
				CLANG_WARN_CONSTANT_CONVERSION = YES;
				CLANG_WARN_DEPRECATED_OBJC_IMPLEMENTATIONS = YES;
				CLANG_WARN_DIRECT_OBJC_ISA_USAGE = YES_ERROR;
				CLANG_WARN_DOCUMENTATION_COMMENTS = YES;
				CLANG_WARN_EMPTY_BODY = YES;
				CLANG_WARN_ENUM_CONVERSION = YES;
				CLANG_WARN_INFINITE_RECURSION = YES;
				CLANG_WARN_INT_CONVERSION = YES;
				CLANG_WARN_NON_LITERAL_NULL_CONVERSION = YES;
				CLANG_WARN_OBJC_IMPLICIT_RETAIN_SELF = YES;
				CLANG_WARN_OBJC_LITERAL_CONVERSION = YES;
				CLANG_WARN_OBJC_ROOT_CLASS = YES_ERROR;
				CLANG_WARN_QUOTED_INCLUDE_IN_FRAMEWORK_HEADER = YES;
				CLANG_WARN_RANGE_LOOP_ANALYSIS = YES;
				CLANG_WARN_STRICT_PROTOTYPES = YES;
				CLANG_WARN_SUSPICIOUS_MOVE = YES;
				CLANG_WARN_UNGUARDED_AVAILABILITY = YES_AGGRESSIVE;
				CLANG_WARN_UNREACHABLE_CODE = YES;
				CLANG_WARN__DUPLICATE_METHOD_MATCH = YES;
				COPY_PHASE_STRIP = NO;
				DEBUG_INFORMATION_FORMAT = "dwarf-with-dsym";
				ENABLE_NS_ASSERTIONS = NO;
				ENABLE_STRICT_OBJC_MSGSEND = YES;
				GCC_C_LANGUAGE_STANDARD = gnu11;
				GCC_NO_COMMON_BLOCKS = YES;
				GCC_WARN_64_TO_32_BIT_CONVERSION = YES;
				GCC_WARN_ABOUT_RETURN_TYPE = YES_ERROR;
				GCC_WARN_UNDECLARED_SELECTOR = YES;
				GCC_WARN_UNINITIALIZED_AUTOS = YES_AGGRESSIVE;
				GCC_WARN_UNUSED_FUNCTION = YES;
				GCC_WARN_UNUSED_VARIABLE = YES;
				IPHONEOS_DEPLOYMENT_TARGET = 15.0;
				MTL_ENABLE_DEBUG_INFO = NO;
				MTL_FAST_MATH = YES;
				SDKROOT = iphoneos;
				SWIFT_COMPILATION_MODE = wholemodule;
				SWIFT_OPTIMIZATION_LEVEL = "-O";
				VALIDATE_PRODUCT = YES;
			};
			name = Release;
		};
		B310BD4527290003005F81D5 /* Debug */ = {
			isa = XCBuildConfiguration;
			buildSettings = {
				ASSETCATALOG_COMPILER_APPICON_NAME = AppIcon;
				ASSETCATALOG_COMPILER_GLOBAL_ACCENT_COLOR_NAME = AccentColor;
				CODE_SIGN_STYLE = Automatic;
				CURRENT_PROJECT_VERSION = 1;
				GENERATE_INFOPLIST_FILE = YES;
				INFOPLIST_FILE = pracitice1/Info.plist;
				INFOPLIST_KEY_UIApplicationSupportsIndirectInputEvents = YES;
				INFOPLIST_KEY_UILaunchStoryboardName = LaunchScreen;
				INFOPLIST_KEY_UIMainStoryboardFile = "";
				INFOPLIST_KEY_UISupportedInterfaceOrientations_iPad = "UIInterfaceOrientationPortrait UIInterfaceOrientationPortraitUpsideDown UIInterfaceOrientationLandscapeLeft UIInterfaceOrientationLandscapeRight";
				INFOPLIST_KEY_UISupportedInterfaceOrientations_iPhone = "UIInterfaceOrientationPortrait UIInterfaceOrientationLandscapeLeft UIInterfaceOrientationLandscapeRight";
				LD_RUNPATH_SEARCH_PATHS = (
					"$(inherited)",
					"@executable_path/Frameworks",
				);
				MARKETING_VERSION = 1.0;
				PRODUCT_BUNDLE_IDENTIFIER = MYCompany.pracitice1;
				PRODUCT_NAME = "$(TARGET_NAME)";
				SWIFT_EMIT_LOC_STRINGS = YES;
				SWIFT_VERSION = 5.0;
				TARGETED_DEVICE_FAMILY = "1,2";
			};
			name = Debug;
		};
		B310BD4627290003005F81D5 /* Release */ = {
			isa = XCBuildConfiguration;
			buildSettings = {
				ASSETCATALOG_COMPILER_APPICON_NAME = AppIcon;
				ASSETCATALOG_COMPILER_GLOBAL_ACCENT_COLOR_NAME = AccentColor;
				CODE_SIGN_STYLE = Automatic;
				CURRENT_PROJECT_VERSION = 1;
				GENERATE_INFOPLIST_FILE = YES;
				INFOPLIST_FILE = pracitice1/Info.plist;
				INFOPLIST_KEY_UIApplicationSupportsIndirectInputEvents = YES;
				INFOPLIST_KEY_UILaunchStoryboardName = LaunchScreen;
				INFOPLIST_KEY_UIMainStoryboardFile = "";
				INFOPLIST_KEY_UISupportedInterfaceOrientations_iPad = "UIInterfaceOrientationPortrait UIInterfaceOrientationPortraitUpsideDown UIInterfaceOrientationLandscapeLeft UIInterfaceOrientationLandscapeRight";
				INFOPLIST_KEY_UISupportedInterfaceOrientations_iPhone = "UIInterfaceOrientationPortrait UIInterfaceOrientationLandscapeLeft UIInterfaceOrientationLandscapeRight";
				LD_RUNPATH_SEARCH_PATHS = (
					"$(inherited)",
					"@executable_path/Frameworks",
				);
				MARKETING_VERSION = 1.0;
				PRODUCT_BUNDLE_IDENTIFIER = MYCompany.pracitice1;
				PRODUCT_NAME = "$(TARGET_NAME)";
				SWIFT_EMIT_LOC_STRINGS = YES;
				SWIFT_VERSION = 5.0;
				TARGETED_DEVICE_FAMILY = "1,2";
			};
			name = Release;
		};
/* End XCBuildConfiguration section */

/* Begin XCConfigurationList section */
		B310BD2B2728FFFF005F81D5 /* Build configuration list for PBXProject "pracitice1" */ = {
			isa = XCConfigurationList;
			buildConfigurations = (
				B310BD4227290003005F81D5 /* Debug */,
				B310BD4327290003005F81D5 /* Release */,
			);
			defaultConfigurationIsVisible = 0;
			defaultConfigurationName = Release;
		};
		B310BD4427290003005F81D5 /* Build configuration list for PBXNativeTarget "pracitice1" */ = {
			isa = XCConfigurationList;
			buildConfigurations = (
				B310BD4527290003005F81D5 /* Debug */,
				B310BD4627290003005F81D5 /* Release */,
			);
			defaultConfigurationIsVisible = 0;
			defaultConfigurationName = Release;
		};
/* End XCConfigurationList section */
	};
	rootObject = B310BD282728FFFF005F81D5 /* Project object */;
}
